
Microsoft Visual Studio Solution File, Format Version 12.00
# Visual Studio Version 17
VisualStudioVersion = 17.10.35004.147
MinimumVisualStudioVersion = 10.0.40219.1
Project("{9A19103F-16F7-4668-BE54-9A1E7A4F7556}") = "AvaloniaColourSwatches", "AvaloniaColourSwatches.csproj", "{1F484EAA-B7F4-4C48-BBF6-C6AED92734A9}"
EndProject
Project("{9A19103F-16F7-4668-BE54-9A1E7A4F7556}") = "AvaloniaColourSwatches.Desktop", "..\AvaloniaColourSwatches.Desktop\AvaloniaColourSwatches.Desktop.csproj", "{C793E411-C946-4410-950F-6E2DEB375A2A}"
EndProject
Project("{2150E333-8FDC-42A3-9474-1A3956D46DE8}") = "Solution Items", "Solution Items", "{C74C9C9C-32AA-4410-A18C-294BD5AFEF54}"
	ProjectSection(SolutionItems) = preProject
		..\Directory.Build.props = ..\Directory.Build.props
	EndProjectSection
EndProject
Global
	GlobalSection(SolutionConfigurationPlatforms) = preSolution
		Debug|Any CPU = Debug|Any CPU
		Release|Any CPU = Release|Any CPU
	EndGlobalSection
	GlobalSection(ProjectConfigurationPlatforms) = postSolution
		{1F484EAA-B7F4-4C48-BBF6-C6AED92734A9}.Debug|Any CPU.ActiveCfg = Debug|Any CPU
		{1F484EAA-B7F4-4C48-BBF6-C6AED92734A9}.Debug|Any CPU.Build.0 = Debug|Any CPU
		{1F484EAA-B7F4-4C48-BBF6-C6AED92734A9}.Release|Any CPU.ActiveCfg = Release|Any CPU
		{1F484EAA-B7F4-4C48-BBF6-C6AED92734A9}.Release|Any CPU.Build.0 = Release|Any CPU
		{C793E411-C946-4410-950F-6E2DEB375A2A}.Debug|Any CPU.ActiveCfg = Debug|Any CPU
		{C793E411-C946-4410-950F-6E2DEB375A2A}.Debug|Any CPU.Build.0 = Debug|Any CPU
		{C793E411-C946-4410-950F-6E2DEB375A2A}.Release|Any CPU.ActiveCfg = Release|Any CPU
		{C793E411-C946-4410-950F-6E2DEB375A2A}.Release|Any CPU.Build.0 = Release|Any CPU
	EndGlobalSection
	GlobalSection(SolutionProperties) = preSolution
		HideSolutionNode = FALSE
	EndGlobalSection
	GlobalSection(ExtensibilityGlobals) = postSolution
		SolutionGuid = {31846FE3-4C86-4505-A6DD-6373C94C5E7F}
	EndGlobalSection
EndGlobal
